
Microsoft Visual Studio Solution File, Format Version 12.00
# Visual Studio Version 17
VisualStudioVersion = 17.14.37411.7
MinimumVisualStudioVersion = 10.0.40219.1
Project("{FAE04EC0-301F-11D3-BF4B-00C04F79EFBC}") = "AsyncDocumentProcessing.Api", "AsyncDocumentProcessing.Api\AsyncDocumentProcessing.Api.csproj", "{0F930C3C-5B6C-4272-89CD-77C2560A236B}"
EndProject
Project("{FAE04EC0-301F-11D3-BF4B-00C04F79EFBC}") = "AsyncDocumentProcessing.Application", "AsyncDocumentProcessing.Application\AsyncDocumentProcessing.Application.csproj", "{0C67105B-D8C1-4CD2-8267-DC873AD81F8D}"
EndProject
Project("{FAE04EC0-301F-11D3-BF4B-00C04F79EFBC}") = "AsyncDocumentProcessing.Domain", "AsyncDocumentProcessing.Domain\AsyncDocumentProcessing.Domain.csproj", "{9DABAED1-2206-46AA-B0B8-377933F5DA49}"
EndProject
Project("{FAE04EC0-301F-11D3-BF4B-00C04F79EFBC}") = "AsyncDocumentProcessing.Infrastructure", "AsyncDocumentProcessing.Infrastructure\AsyncDocumentProcessing.Infrastructure.csproj", "{BD7D0D64-5A9D-44E4-A93B-A89B62B1BCF0}"
EndProject
Project("{FAE04EC0-301F-11D3-BF4B-00C04F79EFBC}") = "AsyncDocumentProcessing.Tests", "AsyncDocumentProcessing.Tests\AsyncDocumentProcessing.Tests.csproj", "{5656AAD0-E7AE-4981-AC66-4DFFA2BA3655}"
EndProject
Global
	GlobalSection(SolutionConfigurationPlatforms) = preSolution
		Debug|Any CPU = Debug|Any CPU
		Debug|x64 = Debug|x64
		Debug|x86 = Debug|x86
		Release|Any CPU = Release|Any CPU
		Release|x64 = Release|x64
		Release|x86 = Release|x86
	EndGlobalSection
	GlobalSection(ProjectConfigurationPlatforms) = postSolution
		{0F930C3C-5B6C-4272-89CD-77C2560A236B}.Debug|Any CPU.ActiveCfg = Debug|Any CPU
		{0F930C3C-5B6C-4272-89CD-77C2560A236B}.Debug|Any CPU.Build.0 = Debug|Any CPU
		{0F930C3C-5B6C-4272-89CD-77C2560A236B}.Debug|x64.ActiveCfg = Debug|Any CPU
		{0F930C3C-5B6C-4272-89CD-77C2560A236B}.Debug|x64.Build.0 = Debug|Any CPU
		{0F930C3C-5B6C-4272-89CD-77C2560A236B}.Debug|x86.ActiveCfg = Debug|Any CPU
		{0F930C3C-5B6C-4272-89CD-77C2560A236B}.Debug|x86.Build.0 = Debug|Any CPU
		{0F930C3C-5B6C-4272-89CD-77C2560A236B}.Release|Any CPU.ActiveCfg = Release|Any CPU
		{0F930C3C-5B6C-4272-89CD-77C2560A236B}.Release|Any CPU.Build.0 = Release|Any CPU
		{0F930C3C-5B6C-4272-89CD-77C2560A236B}.Release|x64.ActiveCfg = Release|Any CPU
		{0F930C3C-5B6C-4272-89CD-77C2560A236B}.Release|x64.Build.0 = Release|Any CPU
		{0F930C3C-5B6C-4272-89CD-77C2560A236B}.Release|x86.ActiveCfg = Release|Any CPU
		{0F930C3C-5B6C-4272-89CD-77C2560A236B}.Release|x86.Build.0 = Release|Any CPU
		{0C67105B-D8C1-4CD2-8267-DC873AD81F8D}.Debug|Any CPU.ActiveCfg = Debug|Any CPU
		{0C67105B-D8C1-4CD2-8267-DC873AD81F8D}.Debug|Any CPU.Build.0 = Debug|Any CPU
		{0C67105B-D8C1-4CD2-8267-DC873AD81F8D}.Debug|x64.ActiveCfg = Debug|Any CPU
		{0C67105B-D8C1-4CD2-8267-DC873AD81F8D}.Debug|x64.Build.0 = Debug|Any CPU
		{0C67105B-D8C1-4CD2-8267-DC873AD81F8D}.Debug|x86.ActiveCfg = Debug|Any CPU
		{0C67105B-D8C1-4CD2-8267-DC873AD81F8D}.Debug|x86.Build.0 = Debug|Any CPU
		{0C67105B-D8C1-4CD2-8267-DC873AD81F8D}.Release|Any CPU.ActiveCfg = Release|Any CPU
		{0C67105B-D8C1-4CD2-8267-DC873AD81F8D}.Release|Any CPU.Build.0 = Release|Any CPU
		{0C67105B-D8C1-4CD2-8267-DC873AD81F8D}.Release|x64.ActiveCfg = Release|Any CPU
		{0C67105B-D8C1-4CD2-8267-DC873AD81F8D}.Release|x64.Build.0 = Release|Any CPU
		{0C67105B-D8C1-4CD2-8267-DC873AD81F8D}.Release|x86.ActiveCfg = Release|Any CPU
		{0C67105B-D8C1-4CD2-8267-DC873AD81F8D}.Release|x86.Build.0 = Release|Any CPU
		{9DABAED1-2206-46AA-B0B8-377933F5DA49}.Debug|Any CPU.ActiveCfg = Debug|Any CPU
		{9DABAED1-2206-46AA-B0B8-377933F5DA49}.Debug|Any CPU.Build.0 = Debug|Any CPU
		{9DABAED1-2206-46AA-B0B8-377933F5DA49}.Debug|x64.ActiveCfg = Debug|Any CPU
		{9DABAED1-2206-46AA-B0B8-377933F5DA49}.Debug|x64.Build.0 = Debug|Any CPU
		{9DABAED1-2206-46AA-B0B8-377933F5DA49}.Debug|x86.ActiveCfg = Debug|Any CPU
		{9DABAED1-2206-46AA-B0B8-377933F5DA49}.Debug|x86.Build.0 = Debug|Any CPU
		{9DABAED1-2206-46AA-B0B8-377933F5DA49}.Release|Any CPU.ActiveCfg = Release|Any CPU
		{9DABAED1-2206-46AA-B0B8-377933F5DA49}.Release|Any CPU.Build.0 = Release|Any CPU
		{9DABAED1-2206-46AA-B0B8-377933F5DA49}.Release|x64.ActiveCfg = Release|Any CPU
		{9DABAED1-2206-46AA-B0B8-377933F5DA49}.Release|x64.Build.0 = Release|Any CPU
		{9DABAED1-2206-46AA-B0B8-377933F5DA49}.Release|x86.ActiveCfg = Release|Any CPU
		{9DABAED1-2206-46AA-B0B8-377933F5DA49}.Release|x86.Build.0 = Release|Any CPU
		{BD7D0D64-5A9D-44E4-A93B-A89B62B1BCF0}.Debug|Any CPU.ActiveCfg = Debug|Any CPU
		{BD7D0D64-5A9D-44E4-A93B-A89B62B1BCF0}.Debug|Any CPU.Build.0 = Debug|Any CPU
		{BD7D0D64-5A9D-44E4-A93B-A89B62B1BCF0}.Debug|x64.ActiveCfg = Debug|Any CPU
		{BD7D0D64-5A9D-44E4-A93B-A89B62B1BCF0}.Debug|x64.Build.0 = Debug|Any CPU
		{BD7D0D64-5A9D-44E4-A93B-A89B62B1BCF0}.Debug|x86.ActiveCfg = Debug|Any CPU
		{BD7D0D64-5A9D-44E4-A93B-A89B62B1BCF0}.Debug|x86.Build.0 = Debug|Any CPU
		{BD7D0D64-5A9D-44E4-A93B-A89B62B1BCF0}.Release|Any CPU.ActiveCfg = Release|Any CPU
		{BD7D0D64-5A9D-44E4-A93B-A89B62B1BCF0}.Release|Any CPU.Build.0 = Release|Any CPU
		{BD7D0D64-5A9D-44E4-A93B-A89B62B1BCF0}.Release|x64.ActiveCfg = Release|Any CPU
		{BD7D0D64-5A9D-44E4-A93B-A89B62B1BCF0}.Release|x64.Build.0 = Release|Any CPU
		{BD7D0D64-5A9D-44E4-A93B-A89B62B1BCF0}.Release|x86.ActiveCfg = Release|Any CPU
		{BD7D0D64-5A9D-44E4-A93B-A89B62B1BCF0}.Release|x86.Build.0 = Release|Any CPU
		{5656AAD0-E7AE-4981-AC66-4DFFA2BA3655}.Debug|Any CPU.ActiveCfg = Debug|Any CPU
		{5656AAD0-E7AE-4981-AC66-4DFFA2BA3655}.Debug|Any CPU.Build.0 = Debug|Any CPU
		{5656AAD0-E7AE-4981-AC66-4DFFA2BA3655}.Debug|x64.ActiveCfg = Debug|Any CPU
		{5656AAD0-E7AE-4981-AC66-4DFFA2BA3655}.Debug|x64.Build.0 = Debug|Any CPU
		{5656AAD0-E7AE-4981-AC66-4DFFA2BA3655}.Debug|x86.ActiveCfg = Debug|Any CPU
		{5656AAD0-E7AE-4981-AC66-4DFFA2BA3655}.Debug|x86.Build.0 = Debug|Any CPU
		{5656AAD0-E7AE-4981-AC66-4DFFA2BA3655}.Release|Any CPU.ActiveCfg = Release|Any CPU
		{5656AAD0-E7AE-4981-AC66-4DFFA2BA3655}.Release|Any CPU.Build.0 = Release|Any CPU
		{5656AAD0-E7AE-4981-AC66-4DFFA2BA3655}.Release|x64.ActiveCfg = Release|Any CPU
		{5656AAD0-E7AE-4981-AC66-4DFFA2BA3655}.Release|x64.Build.0 = Release|Any CPU
		{5656AAD0-E7AE-4981-AC66-4DFFA2BA3655}.Release|x86.ActiveCfg = Release|Any CPU
		{5656AAD0-E7AE-4981-AC66-4DFFA2BA3655}.Release|x86.Build.0 = Release|Any CPU
	EndGlobalSection
	GlobalSection(SolutionProperties) = preSolution
		HideSolutionNode = FALSE
	EndGlobalSection
	GlobalSection(ExtensibilityGlobals) = postSolution
		SolutionGuid = {0CA1F576-FB0E-467D-838B-0A9B3BA880BC}
	EndGlobalSection
EndGlobal
